
Microsoft Visual Studio Solution File, Format Version 12.00
# Visual Studio Version 16
VisualStudioVersion = 16.0.30011.22
MinimumVisualStudioVersion = 10.0.40219.1
Project("{FAE04EC0-301F-11D3-BF4B-00C04F79EFBC}") = "StudentTask", "StudentTask\StudentTask.csproj", "{A74CD7BA-4467-4C98-957D-2F39A2FB5512}"
EndProject
Global
	GlobalSection(SolutionConfigurationPlatforms) = preSolution
		Debug|Any CPU = Debug|Any CPU
		Release|Any CPU = Release|Any CPU
	EndGlobalSection
	GlobalSection(ProjectConfigurationPlatforms) = postSolution
		{A74CD7BA-4467-4C98-957D-2F39A2FB5512}.Debug|Any CPU.ActiveCfg = Debug|Any CPU
		{A74CD7BA-4467-4C98-957D-2F39A2FB5512}.Debug|Any CPU.Build.0 = Debug|Any CPU
		{A74CD7BA-4467-4C98-957D-2F39A2FB5512}.Release|Any CPU.ActiveCfg = Release|Any CPU
		{A74CD7BA-4467-4C98-957D-2F39A2FB5512}.Release|Any CPU.Build.0 = Release|Any CPU
	EndGlobalSection
	GlobalSection(SolutionProperties) = preSolution
		HideSolutionNode = FALSE
	EndGlobalSection
	GlobalSection(ExtensibilityGlobals) = postSolution
		SolutionGuid = {4F978736-EB00-40B0-80B7-A4595536ACA9}
	EndGlobalSection
EndGlobal
